
Microsoft Visual Studio Solution File, Format Version 12.00
# Visual Studio Version 16
VisualStudioVersion = 16.0.30114.105
MinimumVisualStudioVersion = 10.0.40219.1
Project("{9A19103F-16F7-4668-BE54-9A1E7A4F7556}") = "DocumentDealWithCommand", "DocumentDealWithCommand\DocumentDealWithCommand.csproj", "{A572BBA6-684F-4F9E-85B4-4BCA3AFEFD36}"
EndProject
Project("{9A19103F-16F7-4668-BE54-9A1E7A4F7556}") = "DocumentDealWithCommand.Logic", "DocumentDealWithCommand.Logic\DocumentDealWithCommand.Logic.csproj", "{B1E532D8-9FAB-4614-B1B5-DAB5C2E084E6}"
EndProject
Project("{9A19103F-16F7-4668-BE54-9A1E7A4F7556}") = "DocumentDealWithCommand.Logic.Test", "DocumentDealWithCommand.Logic.Test\DocumentDealWithCommand.Logic.Test.csproj", "{1941E7C7-D3C7-444F-9336-7F54C3994869}"
EndProject
Project("{9A19103F-16F7-4668-BE54-9A1E7A4F7556}") = "CommandParamUse", "CommandParamUse\CommandParamUse.csproj", "{DF5B9ED2-108A-40B3-89AF-9AEF28C8CF6C}"
EndProject
Project("{9A19103F-16F7-4668-BE54-9A1E7A4F7556}") = "CommandParamUse.Test", "CommandParamUse.Test\CommandParamUse.Test.csproj", "{58EE6534-1C9F-42BA-A1B0-7E6CE0F2F53B}"
EndProject
Global
	GlobalSection(SolutionConfigurationPlatforms) = preSolution
		Debug|Any CPU = Debug|Any CPU
		Release|Any CPU = Release|Any CPU
	EndGlobalSection
	GlobalSection(ProjectConfigurationPlatforms) = postSolution
		{A572BBA6-684F-4F9E-85B4-4BCA3AFEFD36}.Debug|Any CPU.ActiveCfg = Debug|Any CPU
		{A572BBA6-684F-4F9E-85B4-4BCA3AFEFD36}.Debug|Any CPU.Build.0 = Debug|Any CPU
		{A572BBA6-684F-4F9E-85B4-4BCA3AFEFD36}.Release|Any CPU.ActiveCfg = Release|Any CPU
		{A572BBA6-684F-4F9E-85B4-4BCA3AFEFD36}.Release|Any CPU.Build.0 = Release|Any CPU
		{B1E532D8-9FAB-4614-B1B5-DAB5C2E084E6}.Debug|Any CPU.ActiveCfg = Debug|Any CPU
		{B1E532D8-9FAB-4614-B1B5-DAB5C2E084E6}.Debug|Any CPU.Build.0 = Debug|Any CPU
		{B1E532D8-9FAB-4614-B1B5-DAB5C2E084E6}.Release|Any CPU.ActiveCfg = Release|Any CPU
		{B1E532D8-9FAB-4614-B1B5-DAB5C2E084E6}.Release|Any CPU.Build.0 = Release|Any CPU
		{1941E7C7-D3C7-444F-9336-7F54C3994869}.Debug|Any CPU.ActiveCfg = Debug|Any CPU
		{1941E7C7-D3C7-444F-9336-7F54C3994869}.Debug|Any CPU.Build.0 = Debug|Any CPU
		{1941E7C7-D3C7-444F-9336-7F54C3994869}.Release|Any CPU.ActiveCfg = Release|Any CPU
		{1941E7C7-D3C7-444F-9336-7F54C3994869}.Release|Any CPU.Build.0 = Release|Any CPU
		{DF5B9ED2-108A-40B3-89AF-9AEF28C8CF6C}.Debug|Any CPU.ActiveCfg = Debug|Any CPU
		{DF5B9ED2-108A-40B3-89AF-9AEF28C8CF6C}.Debug|Any CPU.Build.0 = Debug|Any CPU
		{DF5B9ED2-108A-40B3-89AF-9AEF28C8CF6C}.Release|Any CPU.ActiveCfg = Release|Any CPU
		{DF5B9ED2-108A-40B3-89AF-9AEF28C8CF6C}.Release|Any CPU.Build.0 = Release|Any CPU
		{58EE6534-1C9F-42BA-A1B0-7E6CE0F2F53B}.Debug|Any CPU.ActiveCfg = Debug|Any CPU
		{58EE6534-1C9F-42BA-A1B0-7E6CE0F2F53B}.Debug|Any CPU.Build.0 = Debug|Any CPU
		{58EE6534-1C9F-42BA-A1B0-7E6CE0F2F53B}.Release|Any CPU.ActiveCfg = Release|Any CPU
		{58EE6534-1C9F-42BA-A1B0-7E6CE0F2F53B}.Release|Any CPU.Build.0 = Release|Any CPU
	EndGlobalSection
	GlobalSection(SolutionProperties) = preSolution
		HideSolutionNode = FALSE
	EndGlobalSection
	GlobalSection(ExtensibilityGlobals) = postSolution
		SolutionGuid = {151AABFC-3BAD-4AEA-9047-1B674E32B8FD}
	EndGlobalSection
EndGlobal
